{
  "name": "css-workshop-lib",
  "version": "1.0.0",
  "lockfileVersion": 1,
  "requires": true,
  "dependencies": {
    "sass": {
      "version": "1.5.1",
      "resolved": "https://registry.npmjs.org/sass/-/sass-1.5.1.tgz",
      "integrity": "sha512-C9s7SFttwy5OnXDs0ZFVv7c659A7GG/0R0VyrQaGXR07cucSJA2E5XN2ZhLF3kklN90aXuPD2rphkNWyeb6y2A==",
      "dev": true
    }
  }
}
